
Microsoft Visual Studio Solution File, Format Version 12.00
# Visual Studio 15
VisualStudioVersion = 15.0.27004.2005
MinimumVisualStudioVersion = 10.0.40219.1
Project("{2150E333-8FDC-42A3-9474-1A3956D46DE8}") = "Frontend", "Frontend", "{1CC1743F-91A9-42B1-8BE7-6BDD69DFFCB8}"
EndProject
Project("{2150E333-8FDC-42A3-9474-1A3956D46DE8}") = "Common", "Common", "{EFCC55C6-3824-4E2D-BEDC-6E77019DEADA}"
EndProject
Project("{2150E333-8FDC-42A3-9474-1A3956D46DE8}") = "Backend", "Backend", "{A4F4EE43-0971-4D58-B376-E6D6D0B6BC96}"
EndProject
Project("{2150E333-8FDC-42A3-9474-1A3956D46DE8}") = "Tests", "Tests", "{7D9AA3EE-F0B3-48F5-A7D8-C656840208BE}"
EndProject
Project("{9A19103F-16F7-4668-BE54-9A1E7A4F7556}") = "Seal.Backend.BLL", "Seal.Backend.BLL\Seal.Backend.BLL.csproj", "{4F3606FF-F5F3-4E7E-B042-5E35E8ADB0E1}"
EndProject
Project("{9A19103F-16F7-4668-BE54-9A1E7A4F7556}") = "Seal.Backend.DAL", "Seal.Backend.DAL\Seal.Backend.DAL.csproj", "{7C40B22C-A475-4B8B-B42B-6F68F9DAD0D3}"
EndProject
Project("{9A19103F-16F7-4668-BE54-9A1E7A4F7556}") = "Seal.Common.Domain", "Seal.Common.Domain\Seal.Common.Domain.csproj", "{EB3DD473-93DE-4F21-819A-6B411C738C14}"
EndProject
Project("{9A19103F-16F7-4668-BE54-9A1E7A4F7556}") = "Seal.Common.Infrastructure", "Seal.Common.Infrastructure\Seal.Common.Infrastructure.csproj", "{1263C981-0533-4CCA-A022-97FF57C8C4E4}"
EndProject
Project("{9A19103F-16F7-4668-BE54-9A1E7A4F7556}") = "Seal.Common.ViewModel", "Seal.Common.ViewModel\Seal.Common.ViewModel.csproj", "{E399EF81-8E4F-4F78-91C1-85B495C5BBC1}"
EndProject
Project("{9A19103F-16F7-4668-BE54-9A1E7A4F7556}") = "Seal.Tests.BLL", "Seal.Tests.BLL\Seal.Tests.BLL.csproj", "{2A40CD4C-8FD5-4489-9150-978331B9051E}"
EndProject
Project("{9A19103F-16F7-4668-BE54-9A1E7A4F7556}") = "Seal.Tests.DAL", "Seal.Tests.DAL\Seal.Tests.DAL.csproj", "{D00E88DE-8F25-49A4-BFBB-D320A1813933}"
EndProject
Project("{9A19103F-16F7-4668-BE54-9A1E7A4F7556}") = "Seal.Common.Dependiencies", "Seal.Common.Dependiencies\Seal.Common.Dependiencies.csproj", "{C77E7C11-811A-4286-B305-A62E631E29CF}"
EndProject
Project("{9A19103F-16F7-4668-BE54-9A1E7A4F7556}") = "Seal.Frontend.WebApp", "Seal.Frontend.WebApp\Seal.Frontend.WebApp.csproj", "{762F7D2D-A08D-4CB4-9439-91C440249C99}"
EndProject
Project("{9A19103F-16F7-4668-BE54-9A1E7A4F7556}") = "Seal.Tests.Integration", "Seal.Tests.Integration\Seal.Tests.Integration.csproj", "{DDA39333-E6DE-4EB0-BCA3-17910E4AA3DA}"
EndProject
Project("{9A19103F-16F7-4668-BE54-9A1E7A4F7556}") = "Seal.Frontend.Api", "Seal.Frontend.WebApi\Seal.Frontend.Api.csproj", "{5F9AE94D-22A6-4C78-8280-CBF877F92FDB}"
EndProject
Global
	GlobalSection(SolutionConfigurationPlatforms) = preSolution
		Debug|Any CPU = Debug|Any CPU
		Release|Any CPU = Release|Any CPU
	EndGlobalSection
	GlobalSection(ProjectConfigurationPlatforms) = postSolution
		{4F3606FF-F5F3-4E7E-B042-5E35E8ADB0E1}.Debug|Any CPU.ActiveCfg = Debug|Any CPU
		{4F3606FF-F5F3-4E7E-B042-5E35E8ADB0E1}.Debug|Any CPU.Build.0 = Debug|Any CPU
		{4F3606FF-F5F3-4E7E-B042-5E35E8ADB0E1}.Release|Any CPU.ActiveCfg = Release|Any CPU
		{4F3606FF-F5F3-4E7E-B042-5E35E8ADB0E1}.Release|Any CPU.Build.0 = Release|Any CPU
		{7C40B22C-A475-4B8B-B42B-6F68F9DAD0D3}.Debug|Any CPU.ActiveCfg = Debug|Any CPU
		{7C40B22C-A475-4B8B-B42B-6F68F9DAD0D3}.Debug|Any CPU.Build.0 = Debug|Any CPU
		{7C40B22C-A475-4B8B-B42B-6F68F9DAD0D3}.Release|Any CPU.ActiveCfg = Release|Any CPU
		{7C40B22C-A475-4B8B-B42B-6F68F9DAD0D3}.Release|Any CPU.Build.0 = Release|Any CPU
		{EB3DD473-93DE-4F21-819A-6B411C738C14}.Debug|Any CPU.ActiveCfg = Debug|Any CPU
		{EB3DD473-93DE-4F21-819A-6B411C738C14}.Debug|Any CPU.Build.0 = Debug|Any CPU
		{EB3DD473-93DE-4F21-819A-6B411C738C14}.Release|Any CPU.ActiveCfg = Release|Any CPU
		{EB3DD473-93DE-4F21-819A-6B411C738C14}.Release|Any CPU.Build.0 = Release|Any CPU
		{1263C981-0533-4CCA-A022-97FF57C8C4E4}.Debug|Any CPU.ActiveCfg = Debug|Any CPU
		{1263C981-0533-4CCA-A022-97FF57C8C4E4}.Debug|Any CPU.Build.0 = Debug|Any CPU
		{1263C981-0533-4CCA-A022-97FF57C8C4E4}.Release|Any CPU.ActiveCfg = Release|Any CPU
		{1263C981-0533-4CCA-A022-97FF57C8C4E4}.Release|Any CPU.Build.0 = Release|Any CPU
		{E399EF81-8E4F-4F78-91C1-85B495C5BBC1}.Debug|Any CPU.ActiveCfg = Debug|Any CPU
		{E399EF81-8E4F-4F78-91C1-85B495C5BBC1}.Debug|Any CPU.Build.0 = Debug|Any CPU
		{E399EF81-8E4F-4F78-91C1-85B495C5BBC1}.Release|Any CPU.ActiveCfg = Release|Any CPU
		{E399EF81-8E4F-4F78-91C1-85B495C5BBC1}.Release|Any CPU.Build.0 = Release|Any CPU
		{2A40CD4C-8FD5-4489-9150-978331B9051E}.Debug|Any CPU.ActiveCfg = Debug|Any CPU
		{2A40CD4C-8FD5-4489-9150-978331B9051E}.Debug|Any CPU.Build.0 = Debug|Any CPU
		{2A40CD4C-8FD5-4489-9150-978331B9051E}.Release|Any CPU.ActiveCfg = Release|Any CPU
		{2A40CD4C-8FD5-4489-9150-978331B9051E}.Release|Any CPU.Build.0 = Release|Any CPU
		{D00E88DE-8F25-49A4-BFBB-D320A1813933}.Debug|Any CPU.ActiveCfg = Debug|Any CPU
		{D00E88DE-8F25-49A4-BFBB-D320A1813933}.Debug|Any CPU.Build.0 = Debug|Any CPU
		{D00E88DE-8F25-49A4-BFBB-D320A1813933}.Release|Any CPU.ActiveCfg = Release|Any CPU
		{D00E88DE-8F25-49A4-BFBB-D320A1813933}.Release|Any CPU.Build.0 = Release|Any CPU
		{C77E7C11-811A-4286-B305-A62E631E29CF}.Debug|Any CPU.ActiveCfg = Debug|Any CPU
		{C77E7C11-811A-4286-B305-A62E631E29CF}.Debug|Any CPU.Build.0 = Debug|Any CPU
		{C77E7C11-811A-4286-B305-A62E631E29CF}.Release|Any CPU.ActiveCfg = Release|Any CPU
		{C77E7C11-811A-4286-B305-A62E631E29CF}.Release|Any CPU.Build.0 = Release|Any CPU
		{762F7D2D-A08D-4CB4-9439-91C440249C99}.Debug|Any CPU.ActiveCfg = Debug|Any CPU
		{762F7D2D-A08D-4CB4-9439-91C440249C99}.Debug|Any CPU.Build.0 = Debug|Any CPU
		{762F7D2D-A08D-4CB4-9439-91C440249C99}.Release|Any CPU.ActiveCfg = Release|Any CPU
		{762F7D2D-A08D-4CB4-9439-91C440249C99}.Release|Any CPU.Build.0 = Release|Any CPU
		{DDA39333-E6DE-4EB0-BCA3-17910E4AA3DA}.Debug|Any CPU.ActiveCfg = Debug|Any CPU
		{DDA39333-E6DE-4EB0-BCA3-17910E4AA3DA}.Debug|Any CPU.Build.0 = Debug|Any CPU
		{DDA39333-E6DE-4EB0-BCA3-17910E4AA3DA}.Release|Any CPU.ActiveCfg = Release|Any CPU
		{DDA39333-E6DE-4EB0-BCA3-17910E4AA3DA}.Release|Any CPU.Build.0 = Release|Any CPU
		{5F9AE94D-22A6-4C78-8280-CBF877F92FDB}.Debug|Any CPU.ActiveCfg = Debug|Any CPU
		{5F9AE94D-22A6-4C78-8280-CBF877F92FDB}.Debug|Any CPU.Build.0 = Debug|Any CPU
		{5F9AE94D-22A6-4C78-8280-CBF877F92FDB}.Release|Any CPU.ActiveCfg = Release|Any CPU
		{5F9AE94D-22A6-4C78-8280-CBF877F92FDB}.Release|Any CPU.Build.0 = Release|Any CPU
	EndGlobalSection
	GlobalSection(SolutionProperties) = preSolution
		HideSolutionNode = FALSE
	EndGlobalSection
	GlobalSection(NestedProjects) = preSolution
		{4F3606FF-F5F3-4E7E-B042-5E35E8ADB0E1} = {A4F4EE43-0971-4D58-B376-E6D6D0B6BC96}
		{7C40B22C-A475-4B8B-B42B-6F68F9DAD0D3} = {A4F4EE43-0971-4D58-B376-E6D6D0B6BC96}
		{EB3DD473-93DE-4F21-819A-6B411C738C14} = {EFCC55C6-3824-4E2D-BEDC-6E77019DEADA}
		{1263C981-0533-4CCA-A022-97FF57C8C4E4} = {EFCC55C6-3824-4E2D-BEDC-6E77019DEADA}
		{E399EF81-8E4F-4F78-91C1-85B495C5BBC1} = {EFCC55C6-3824-4E2D-BEDC-6E77019DEADA}
		{2A40CD4C-8FD5-4489-9150-978331B9051E} = {7D9AA3EE-F0B3-48F5-A7D8-C656840208BE}
		{D00E88DE-8F25-49A4-BFBB-D320A1813933} = {7D9AA3EE-F0B3-48F5-A7D8-C656840208BE}
		{C77E7C11-811A-4286-B305-A62E631E29CF} = {EFCC55C6-3824-4E2D-BEDC-6E77019DEADA}
		{762F7D2D-A08D-4CB4-9439-91C440249C99} = {1CC1743F-91A9-42B1-8BE7-6BDD69DFFCB8}
		{DDA39333-E6DE-4EB0-BCA3-17910E4AA3DA} = {7D9AA3EE-F0B3-48F5-A7D8-C656840208BE}
		{5F9AE94D-22A6-4C78-8280-CBF877F92FDB} = {1CC1743F-91A9-42B1-8BE7-6BDD69DFFCB8}
	EndGlobalSection
	GlobalSection(ExtensibilityGlobals) = postSolution
		SolutionGuid = {A6FC5577-E028-48D7-8B40-919DEE8F38FA}
	EndGlobalSection
EndGlobal
